
Microsoft Visual Studio Solution File, Format Version 12.00
# Visual Studio Version 17
VisualStudioVersion = 17.8.34511.84
MinimumVisualStudioVersion = 10.0.40219.1
Project("{FAE04EC0-301F-11D3-BF4B-00C04F79EFBC}") = "KPLN_winApp", "KPLN_winApp\KPLN_winApp.csproj", "{A468E4F1-B92C-4445-944A-9564A7ED5435}"
EndProject
Global
	GlobalSection(SolutionConfigurationPlatforms) = preSolution
		Debug|Any CPU = Debug|Any CPU
		Release|Any CPU = Release|Any CPU
	EndGlobalSection
	GlobalSection(ProjectConfigurationPlatforms) = postSolution
		{A468E4F1-B92C-4445-944A-9564A7ED5435}.Debug|Any CPU.ActiveCfg = Debug|Any CPU
		{A468E4F1-B92C-4445-944A-9564A7ED5435}.Debug|Any CPU.Build.0 = Debug|Any CPU
		{A468E4F1-B92C-4445-944A-9564A7ED5435}.Release|Any CPU.ActiveCfg = Release|Any CPU
		{A468E4F1-B92C-4445-944A-9564A7ED5435}.Release|Any CPU.Build.0 = Release|Any CPU
	EndGlobalSection
	GlobalSection(SolutionProperties) = preSolution
		HideSolutionNode = FALSE
	EndGlobalSection
	GlobalSection(ExtensibilityGlobals) = postSolution
		SolutionGuid = {9B81FE46-BA10-48A2-8C8E-77F922DDBCE0}
	EndGlobalSection
EndGlobal
